// !$*UTF8*$!
{
	archiveVersion = 1;
	classes = {
	};
	objectVersion = 56;
	objects = {

/* Begin PBXBuildFile section */
		0A3D54032B39BA2700A4079A /* SwiftUIForLegacy.docc in Sources */ = {isa = PBXBuildFile; fileRef = 0A3D54022B39BA2700A4079A /* SwiftUIForLegacy.docc */; };
		0A3D54092B39BA2700A4079A /* SwiftUIForLegacy.framework in Frameworks */ = {isa = PBXBuildFile; fileRef = 0A3D53FE2B39BA2700A4079A /* SwiftUIForLegacy.framework */; };
		0A3D540E2B39BA2700A4079A /* SwiftUIForLegacyTests.swift in Sources */ = {isa = PBXBuildFile; fileRef = 0A3D540D2B39BA2700A4079A /* SwiftUIForLegacyTests.swift */; };
		0A3D540F2B39BA2700A4079A /* SwiftUIForLegacy.h in Headers */ = {isa = PBXBuildFile; fileRef = 0A3D54012B39BA2700A4079A /* SwiftUIForLegacy.h */; settings = {ATTRIBUTES = (Public, ); }; };
/* End PBXBuildFile section */

/* Begin PBXContainerItemProxy section */
		0A3D540A2B39BA2700A4079A /* PBXContainerItemProxy */ = {
			isa = PBXContainerItemProxy;
			containerPortal = 0A3D53F52B39BA2600A4079A /* Project object */;
			proxyType = 1;
			remoteGlobalIDString = 0A3D53FD2B39BA2700A4079A;
			remoteInfo = SwiftUIForLegacy;
		};
/* End PBXContainerItemProxy section */

/* Begin PBXFileReference section */
		0A3D53FE2B39BA2700A4079A /* SwiftUIForLegacy.framework */ = {isa = PBXFileReference; explicitFileType = wrapper.framework; includeInIndex = 0; path = SwiftUIForLegacy.framework; sourceTree = BUILT_PRODUCTS_DIR; };
		0A3D54012B39BA2700A4079A /* SwiftUIForLegacy.h */ = {isa = PBXFileReference; lastKnownFileType = sourcecode.c.h; path = SwiftUIForLegacy.h; sourceTree = "<group>"; };
		0A3D54022B39BA2700A4079A /* SwiftUIForLegacy.docc */ = {isa = PBXFileReference; lastKnownFileType = folder.documentationcatalog; path = SwiftUIForLegacy.docc; sourceTree = "<group>"; };
		0A3D54082B39BA2700A4079A /* SwiftUIForLegacyTests.xctest */ = {isa = PBXFileReference; explicitFileType = wrapper.cfbundle; includeInIndex = 0; path = SwiftUIForLegacyTests.xctest; sourceTree = BUILT_PRODUCTS_DIR; };
		0A3D540D2B39BA2700A4079A /* SwiftUIForLegacyTests.swift */ = {isa = PBXFileReference; lastKnownFileType = sourcecode.swift; path = SwiftUIForLegacyTests.swift; sourceTree = "<group>"; };
/* End PBXFileReference section */

/* Begin PBXFrameworksBuildPhase section */
		0A3D53FB2B39BA2700A4079A /* Frameworks */ = {
			isa = PBXFrameworksBuildPhase;
			buildActionMask = 2147483647;
			files = (
			);
			runOnlyForDeploymentPostprocessing = 0;
		};
		0A3D54052B39BA2700A4079A /* Frameworks */ = {
			isa = PBXFrameworksBuildPhase;
			buildActionMask = 2147483647;
			files = (
				0A3D54092B39BA2700A4079A /* SwiftUIForLegacy.framework in Frameworks */,
			);
			runOnlyForDeploymentPostprocessing = 0;
		};
/* End PBXFrameworksBuildPhase section */

/* Begin PBXGroup section */
		0A3D53F42B39BA2600A4079A = {
			isa = PBXGroup;
			children = (
				0A3D54002B39BA2700A4079A /* SwiftUIForLegacy */,
				0A3D540C2B39BA2700A4079A /* SwiftUIForLegacyTests */,
				0A3D53FF2B39BA2700A4079A /* Products */,
			);
			sourceTree = "<group>";
		};
		0A3D53FF2B39BA2700A4079A /* Products */ = {
			isa = PBXGroup;
			children = (
				0A3D53FE2B39BA2700A4079A /* SwiftUIForLegacy.framework */,
				0A3D54082B39BA2700A4079A /* SwiftUIForLegacyTests.xctest */,
			);
			name = Products;
			sourceTree = "<group>";
		};
		0A3D54002B39BA2700A4079A /* SwiftUIForLegacy */ = {
			isa = PBXGroup;
			children = (
				0A3D54012B39BA2700A4079A /* SwiftUIForLegacy.h */,
				0A3D54022B39BA2700A4079A /* SwiftUIForLegacy.docc */,
			);
			path = SwiftUIForLegacy;
			sourceTree = "<group>";
		};
		0A3D540C2B39BA2700A4079A /* SwiftUIForLegacyTests */ = {
			isa = PBXGroup;
			children = (
				0A3D540D2B39BA2700A4079A /* SwiftUIForLegacyTests.swift */,
			);
			path = SwiftUIForLegacyTests;
			sourceTree = "<group>";
		};
/* End PBXGroup section */

/* Begin PBXHeadersBuildPhase section */
		0A3D53F92B39BA2700A4079A /* Headers */ = {
			isa = PBXHeadersBuildPhase;
			buildActionMask = 2147483647;
			files = (
				0A3D540F2B39BA2700A4079A /* SwiftUIForLegacy.h in Headers */,
			);
			runOnlyForDeploymentPostprocessing = 0;
		};
/* End PBXHeadersBuildPhase section */

/* Begin PBXNativeTarget section */
		0A3D53FD2B39BA2700A4079A /* SwiftUIForLegacy */ = {
			isa = PBXNativeTarget;
			buildConfigurationList = 0A3D54122B39BA2700A4079A /* Build configuration list for PBXNativeTarget "SwiftUIForLegacy" */;
			buildPhases = (
				0A3D53F92B39BA2700A4079A /* Headers */,
				0A3D53FA2B39BA2700A4079A /* Sources */,
				0A3D53FB2B39BA2700A4079A /* Frameworks */,
				0A3D53FC2B39BA2700A4079A /* Resources */,
			);
			buildRules = (
			);
			dependencies = (
			);
			name = SwiftUIForLegacy;
			productName = SwiftUIForLegacy;
			productReference = 0A3D53FE2B39BA2700A4079A /* SwiftUIForLegacy.framework */;
			productType = "com.apple.product-type.framework";
		};
		0A3D54072B39BA2700A4079A /* SwiftUIForLegacyTests */ = {
			isa = PBXNativeTarget;
			buildConfigurationList = 0A3D54152B39BA2700A4079A /* Build configuration list for PBXNativeTarget "SwiftUIForLegacyTests" */;
			buildPhases = (
				0A3D54042B39BA2700A4079A /* Sources */,
				0A3D54052B39BA2700A4079A /* Frameworks */,
				0A3D54062B39BA2700A4079A /* Resources */,
			);
			buildRules = (
			);
			dependencies = (
				0A3D540B2B39BA2700A4079A /* PBXTargetDependency */,
			);
			name = SwiftUIForLegacyTests;
			productName = SwiftUIForLegacyTests;
			productReference = 0A3D54082B39BA2700A4079A /* SwiftUIForLegacyTests.xctest */;
			productType = "com.apple.product-type.bundle.unit-test";
		};
/* End PBXNativeTarget section */

/* Begin PBXProject section */
		0A3D53F52B39BA2600A4079A /* Project object */ = {
			isa = PBXProject;
			attributes = {
				BuildIndependentTargetsInParallel = 1;
				LastSwiftUpdateCheck = 1510;
				LastUpgradeCheck = 1510;
				TargetAttributes = {
					0A3D53FD2B39BA2700A4079A = {
						CreatedOnToolsVersion = 15.1;
					};
					0A3D54072B39BA2700A4079A = {
						CreatedOnToolsVersion = 15.1;
					};
				};
			};
			buildConfigurationList = 0A3D53F82B39BA2600A4079A /* Build configuration list for PBXProject "SwiftUIForLegacy" */;
			compatibilityVersion = "Xcode 14.0";
			developmentRegion = en;
			hasScannedForEncodings = 0;
			knownRegions = (
				en,
				Base,
			);
			mainGroup = 0A3D53F42B39BA2600A4079A;
			productRefGroup = 0A3D53FF2B39BA2700A4079A /* Products */;
			projectDirPath = "";
			projectRoot = "";
			targets = (
				0A3D53FD2B39BA2700A4079A /* SwiftUIForLegacy */,
				0A3D54072B39BA2700A4079A /* SwiftUIForLegacyTests */,
			);
		};
/* End PBXProject section */

/* Begin PBXResourcesBuildPhase section */
		0A3D53FC2B39BA2700A4079A /* Resources */ = {
			isa = PBXResourcesBuildPhase;
			buildActionMask = 2147483647;
			files = (
			);
			runOnlyForDeploymentPostprocessing = 0;
		};
		0A3D54062B39BA2700A4079A /* Resources */ = {
			isa = PBXResourcesBuildPhase;
			buildActionMask = 2147483647;
			files = (
			);
			runOnlyForDeploymentPostprocessing = 0;
		};
/* End PBXResourcesBuildPhase section */

/* Begin PBXSourcesBuildPhase section */
		0A3D53FA2B39BA2700A4079A /* Sources */ = {
			isa = PBXSourcesBuildPhase;
			buildActionMask = 2147483647;
			files = (
				0A3D54032B39BA2700A4079A /* SwiftUIForLegacy.docc in Sources */,
			);
			runOnlyForDeploymentPostprocessing = 0;
		};
		0A3D54042B39BA2700A4079A /* Sources */ = {
			isa = PBXSourcesBuildPhase;
			buildActionMask = 2147483647;
			files = (
				0A3D540E2B39BA2700A4079A /* SwiftUIForLegacyTests.swift in Sources */,
			);
			runOnlyForDeploymentPostprocessing = 0;
		};
/* End PBXSourcesBuildPhase section */

/* Begin PBXTargetDependency section */
		0A3D540B2B39BA2700A4079A /* PBXTargetDependency */ = {
			isa = PBXTargetDependency;
			target = 0A3D53FD2B39BA2700A4079A /* SwiftUIForLegacy */;
			targetProxy = 0A3D540A2B39BA2700A4079A /* PBXContainerItemProxy */;
		};
/* End PBXTargetDependency section */

/* Begin XCBuildConfiguration section */
		0A3D54102B39BA2700A4079A /* Debug */ = {
			isa = XCBuildConfiguration;
			buildSettings = {
				ALWAYS_SEARCH_USER_PATHS = NO;
				ASSETCATALOG_COMPILER_GENERATE_SWIFT_ASSET_SYMBOL_EXTENSIONS = YES;
				CLANG_ANALYZER_NONNULL = YES;
				CLANG_ANALYZER_NUMBER_OBJECT_CONVERSION = YES_AGGRESSIVE;
				CLANG_CXX_LANGUAGE_STANDARD = "gnu++20";
				CLANG_ENABLE_MODULES = YES;
				CLANG_ENABLE_OBJC_ARC = YES;
				CLANG_ENABLE_OBJC_WEAK = YES;
				CLANG_WARN_BLOCK_CAPTURE_AUTORELEASING = YES;
				CLANG_WARN_BOOL_CONVERSION = YES;
				CLANG_WARN_COMMA = YES;
				CLANG_WARN_CONSTANT_CONVERSION = YES;
				CLANG_WARN_DEPRECATED_OBJC_IMPLEMENTATIONS = YES;
				CLANG_WARN_DIRECT_OBJC_ISA_USAGE = YES_ERROR;
				CLANG_WARN_DOCUMENTATION_COMMENTS = YES;
				CLANG_WARN_EMPTY_BODY = YES;
				CLANG_WARN_ENUM_CONVERSION = YES;
				CLANG_WARN_INFINITE_RECURSION = YES;
				CLANG_WARN_INT_CONVERSION = YES;
				CLANG_WARN_NON_LITERAL_NULL_CONVERSION = YES;
				CLANG_WARN_OBJC_IMPLICIT_RETAIN_SELF = YES;
				CLANG_WARN_OBJC_LITERAL_CONVERSION = YES;
				CLANG_WARN_OBJC_ROOT_CLASS = YES_ERROR;
				CLANG_WARN_QUOTED_INCLUDE_IN_FRAMEWORK_HEADER = YES;
				CLANG_WARN_RANGE_LOOP_ANALYSIS = YES;
				CLANG_WARN_STRICT_PROTOTYPES = YES;
				CLANG_WARN_SUSPICIOUS_MOVE = YES;
				CLANG_WARN_UNGUARDED_AVAILABILITY = YES_AGGRESSIVE;
				CLANG_WARN_UNREACHABLE_CODE = YES;
				CLANG_WARN__DUPLICATE_METHOD_MATCH = YES;
				COPY_PHASE_STRIP = NO;
				CURRENT_PROJECT_VERSION = 1;
				DEBUG_INFORMATION_FORMAT = dwarf;
				ENABLE_STRICT_OBJC_MSGSEND = YES;
				ENABLE_TESTABILITY = YES;
				ENABLE_USER_SCRIPT_SANDBOXING = YES;
				GCC_C_LANGUAGE_STANDARD = gnu17;
				GCC_DYNAMIC_NO_PIC = NO;
				GCC_NO_COMMON_BLOCKS = YES;
				GCC_OPTIMIZATION_LEVEL = 0;
				GCC_PREPROCESSOR_DEFINITIONS = (
					"DEBUG=1",
					"$(inherited)",
				);
				GCC_WARN_64_TO_32_BIT_CONVERSION = YES;
				GCC_WARN_ABOUT_RETURN_TYPE = YES_ERROR;
				GCC_WARN_UNDECLARED_SELECTOR = YES;
				GCC_WARN_UNINITIALIZED_AUTOS = YES_AGGRESSIVE;
				GCC_WARN_UNUSED_FUNCTION = YES;
				GCC_WARN_UNUSED_VARIABLE = YES;
				IPHONEOS_DEPLOYMENT_TARGET = 17.2;
				LOCALIZATION_PREFERS_STRING_CATALOGS = YES;
				MTL_ENABLE_DEBUG_INFO = INCLUDE_SOURCE;
				MTL_FAST_MATH = YES;
				ONLY_ACTIVE_ARCH = YES;
				SDKROOT = iphoneos;
				SWIFT_ACTIVE_COMPILATION_CONDITIONS = "DEBUG $(inherited)";
				SWIFT_OPTIMIZATION_LEVEL = "-Onone";
				VERSIONING_SYSTEM = "apple-generic";
				VERSION_INFO_PREFIX = "";
			};
			name = Debug;
		};
		0A3D54112B39BA2700A4079A /* Release */ = {
			isa = XCBuildConfiguration;
			buildSettings = {
				ALWAYS_SEARCH_USER_PATHS = NO;
				ASSETCATALOG_COMPILER_GENERATE_SWIFT_ASSET_SYMBOL_EXTENSIONS = YES;
				CLANG_ANALYZER_NONNULL = YES;
				CLANG_ANALYZER_NUMBER_OBJECT_CONVERSION = YES_AGGRESSIVE;
				CLANG_CXX_LANGUAGE_STANDARD = "gnu++20";
				CLANG_ENABLE_MODULES = YES;
				CLANG_ENABLE_OBJC_ARC = YES;
				CLANG_ENABLE_OBJC_WEAK = YES;
				CLANG_WARN_BLOCK_CAPTURE_AUTORELEASING = YES;
				CLANG_WARN_BOOL_CONVERSION = YES;
				CLANG_WARN_COMMA = YES;
				CLANG_WARN_CONSTANT_CONVERSION = YES;
				CLANG_WARN_DEPRECATED_OBJC_IMPLEMENTATIONS = YES;
				CLANG_WARN_DIRECT_OBJC_ISA_USAGE = YES_ERROR;
				CLANG_WARN_DOCUMENTATION_COMMENTS = YES;
				CLANG_WARN_EMPTY_BODY = YES;
				CLANG_WARN_ENUM_CONVERSION = YES;
				CLANG_WARN_INFINITE_RECURSION = YES;
				CLANG_WARN_INT_CONVERSION = YES;
				CLANG_WARN_NON_LITERAL_NULL_CONVERSION = YES;
				CLANG_WARN_OBJC_IMPLICIT_RETAIN_SELF = YES;
				CLANG_WARN_OBJC_LITERAL_CONVERSION = YES;
				CLANG_WARN_OBJC_ROOT_CLASS = YES_ERROR;
				CLANG_WARN_QUOTED_INCLUDE_IN_FRAMEWORK_HEADER = YES;
				CLANG_WARN_RANGE_LOOP_ANALYSIS = YES;
				CLANG_WARN_STRICT_PROTOTYPES = YES;
				CLANG_WARN_SUSPICIOUS_MOVE = YES;
				CLANG_WARN_UNGUARDED_AVAILABILITY = YES_AGGRESSIVE;
				CLANG_WARN_UNREACHABLE_CODE = YES;
				CLANG_WARN__DUPLICATE_METHOD_MATCH = YES;
				COPY_PHASE_STRIP = NO;
				CURRENT_PROJECT_VERSION = 1;
				DEBUG_INFORMATION_FORMAT = "dwarf-with-dsym";
				ENABLE_NS_ASSERTIONS = NO;
				ENABLE_STRICT_OBJC_MSGSEND = YES;
				ENABLE_USER_SCRIPT_SANDBOXING = YES;
				GCC_C_LANGUAGE_STANDARD = gnu17;
				GCC_NO_COMMON_BLOCKS = YES;
				GCC_WARN_64_TO_32_BIT_CONVERSION = YES;
				GCC_WARN_ABOUT_RETURN_TYPE = YES_ERROR;
				GCC_WARN_UNDECLARED_SELECTOR = YES;
				GCC_WARN_UNINITIALIZED_AUTOS = YES_AGGRESSIVE;
				GCC_WARN_UNUSED_FUNCTION = YES;
				GCC_WARN_UNUSED_VARIABLE = YES;
				IPHONEOS_DEPLOYMENT_TARGET = 17.2;
				LOCALIZATION_PREFERS_STRING_CATALOGS = YES;
				MTL_ENABLE_DEBUG_INFO = NO;
				MTL_FAST_MATH = YES;
				SDKROOT = iphoneos;
				SWIFT_COMPILATION_MODE = wholemodule;
				VALIDATE_PRODUCT = YES;
				VERSIONING_SYSTEM = "apple-generic";
				VERSION_INFO_PREFIX = "";
			};
			name = Release;
		};
		0A3D54132B39BA2700A4079A /* Debug */ = {
			isa = XCBuildConfiguration;
			buildSettings = {
				CODE_SIGN_STYLE = Automatic;
				CURRENT_PROJECT_VERSION = 1;
				DEFINES_MODULE = YES;
				DEVELOPMENT_TEAM = 6RH52NKDR6;
				DYLIB_COMPATIBILITY_VERSION = 1;
				DYLIB_CURRENT_VERSION = 1;
				DYLIB_INSTALL_NAME_BASE = "@rpath";
				ENABLE_MODULE_VERIFIER = YES;
				GENERATE_INFOPLIST_FILE = YES;
				INFOPLIST_KEY_NSHumanReadableCopyright = "";
				INSTALL_PATH = "$(LOCAL_LIBRARY_DIR)/Frameworks";
				LD_RUNPATH_SEARCH_PATHS = (
					"$(inherited)",
					"@executable_path/Frameworks",
					"@loader_path/Frameworks",
				);
				MARKETING_VERSION = 1.0;
				MODULE_VERIFIER_SUPPORTED_LANGUAGES = "objective-c objective-c++";
				MODULE_VERIFIER_SUPPORTED_LANGUAGE_STANDARDS = "gnu17 gnu++20";
				PRODUCT_BUNDLE_IDENTIFIER = com.bowonsoft.jongwoo.park.SwiftUIForLegacy;
				PRODUCT_NAME = "$(TARGET_NAME:c99extidentifier)";
				SKIP_INSTALL = YES;
				SWIFT_EMIT_LOC_STRINGS = YES;
				SWIFT_VERSION = 5.0;
				TARGETED_DEVICE_FAMILY = "1,2";
			};
			name = Debug;
		};
		0A3D54142B39BA2700A4079A /* Release */ = {
			isa = XCBuildConfiguration;
			buildSettings = {
				CODE_SIGN_STYLE = Automatic;
				CURRENT_PROJECT_VERSION = 1;
				DEFINES_MODULE = YES;
				DEVELOPMENT_TEAM = 6RH52NKDR6;
				DYLIB_COMPATIBILITY_VERSION = 1;
				DYLIB_CURRENT_VERSION = 1;
				DYLIB_INSTALL_NAME_BASE = "@rpath";
				ENABLE_MODULE_VERIFIER = YES;
				GENERATE_INFOPLIST_FILE = YES;
				INFOPLIST_KEY_NSHumanReadableCopyright = "";
				INSTALL_PATH = "$(LOCAL_LIBRARY_DIR)/Frameworks";
				LD_RUNPATH_SEARCH_PATHS = (
					"$(inherited)",
					"@executable_path/Frameworks",
					"@loader_path/Frameworks",
				);
				MARKETING_VERSION = 1.0;
				MODULE_VERIFIER_SUPPORTED_LANGUAGES = "objective-c objective-c++";
				MODULE_VERIFIER_SUPPORTED_LANGUAGE_STANDARDS = "gnu17 gnu++20";
				PRODUCT_BUNDLE_IDENTIFIER = com.bowonsoft.jongwoo.park.SwiftUIForLegacy;
				PRODUCT_NAME = "$(TARGET_NAME:c99extidentifier)";
				SKIP_INSTALL = YES;
				SWIFT_EMIT_LOC_STRINGS = YES;
				SWIFT_VERSION = 5.0;
				TARGETED_DEVICE_FAMILY = "1,2";
			};
			name = Release;
		};
		0A3D54162B39BA2700A4079A /* Debug */ = {
			isa = XCBuildConfiguration;
			buildSettings = {
				CODE_SIGN_STYLE = Automatic;
				CURRENT_PROJECT_VERSION = 1;
				DEVELOPMENT_TEAM = 6RH52NKDR6;
				GENERATE_INFOPLIST_FILE = YES;
				MARKETING_VERSION = 1.0;
				PRODUCT_BUNDLE_IDENTIFIER = com.bowonsoft.jongwoo.park.SwiftUIForLegacyTests;
				PRODUCT_NAME = "$(TARGET_NAME)";
				SWIFT_EMIT_LOC_STRINGS = NO;
				SWIFT_VERSION = 5.0;
				TARGETED_DEVICE_FAMILY = "1,2";
			};
			name = Debug;
		};
		0A3D54172B39BA2700A4079A /* Release */ = {
			isa = XCBuildConfiguration;
			buildSettings = {
				CODE_SIGN_STYLE = Automatic;
				CURRENT_PROJECT_VERSION = 1;
				DEVELOPMENT_TEAM = 6RH52NKDR6;
				GENERATE_INFOPLIST_FILE = YES;
				MARKETING_VERSION = 1.0;
				PRODUCT_BUNDLE_IDENTIFIER = com.bowonsoft.jongwoo.park.SwiftUIForLegacyTests;
				PRODUCT_NAME = "$(TARGET_NAME)";
				SWIFT_EMIT_LOC_STRINGS = NO;
				SWIFT_VERSION = 5.0;
				TARGETED_DEVICE_FAMILY = "1,2";
			};
			name = Release;
		};
/* End XCBuildConfiguration section */

/* Begin XCConfigurationList section */
		0A3D53F82B39BA2600A4079A /* Build configuration list for PBXProject "SwiftUIForLegacy" */ = {
			isa = XCConfigurationList;
			buildConfigurations = (
				0A3D54102B39BA2700A4079A /* Debug */,
				0A3D54112B39BA2700A4079A /* Release */,
			);
			defaultConfigurationIsVisible = 0;
			defaultConfigurationName = Release;
		};
		0A3D54122B39BA2700A4079A /* Build configuration list for PBXNativeTarget "SwiftUIForLegacy" */ = {
			isa = XCConfigurationList;
			buildConfigurations = (
				0A3D54132B39BA2700A4079A /* Debug */,
				0A3D54142B39BA2700A4079A /* Release */,
			);
			defaultConfigurationIsVisible = 0;
			defaultConfigurationName = Release;
		};
		0A3D54152B39BA2700A4079A /* Build configuration list for PBXNativeTarget "SwiftUIForLegacyTests" */ = {
			isa = XCConfigurationList;
			buildConfigurations = (
				0A3D54162B39BA2700A4079A /* Debug */,
				0A3D54172B39BA2700A4079A /* Release */,
			);
			defaultConfigurationIsVisible = 0;
			defaultConfigurationName = Release;
		};
/* End XCConfigurationList section */
	};
	rootObject = 0A3D53F52B39BA2600A4079A /* Project object */;
}
